
Microsoft Visual Studio Solution File, Format Version 12.00
# Visual Studio Version 16
VisualStudioVersion = 16.0.31402.337
MinimumVisualStudioVersion = 10.0.40219.1
Project("{9A19103F-16F7-4668-BE54-9A1E7A4F7556}") = "ADBGUIToolbyEvrenater", "ADBGUIToolbyEvrenater\ADBGUIToolbyEvrenater.csproj", "{72E74BC4-34E4-45FF-BA94-75EB5CB22C67}"
EndProject
Global
	GlobalSection(SolutionConfigurationPlatforms) = preSolution
		Debug|Any CPU = Debug|Any CPU
		Debug|x64 = Debug|x64
		Release|Any CPU = Release|Any CPU
		Release|x64 = Release|x64
	EndGlobalSection
	GlobalSection(ProjectConfigurationPlatforms) = postSolution
		{72E74BC4-34E4-45FF-BA94-75EB5CB22C67}.Debug|Any CPU.ActiveCfg = Debug|Any CPU
		{72E74BC4-34E4-45FF-BA94-75EB5CB22C67}.Debug|Any CPU.Build.0 = Debug|Any CPU
		{72E74BC4-34E4-45FF-BA94-75EB5CB22C67}.Debug|x64.ActiveCfg = Debug|x64
		{72E74BC4-34E4-45FF-BA94-75EB5CB22C67}.Debug|x64.Build.0 = Debug|x64
		{72E74BC4-34E4-45FF-BA94-75EB5CB22C67}.Release|Any CPU.ActiveCfg = Release|Any CPU
		{72E74BC4-34E4-45FF-BA94-75EB5CB22C67}.Release|Any CPU.Build.0 = Release|Any CPU
		{72E74BC4-34E4-45FF-BA94-75EB5CB22C67}.Release|x64.ActiveCfg = Release|x64
		{72E74BC4-34E4-45FF-BA94-75EB5CB22C67}.Release|x64.Build.0 = Release|x64
	EndGlobalSection
	GlobalSection(SolutionProperties) = preSolution
		HideSolutionNode = FALSE
	EndGlobalSection
	GlobalSection(ExtensibilityGlobals) = postSolution
		SolutionGuid = {2B591BC2-8CD8-4905-9EE3-56384278AFD1}
	EndGlobalSection
EndGlobal
